<?xml version="1.0" encoding="utf-8"?>
<Project ToolsVersion="4.0" xmlns="http://schemas.microsoft.com/developer/msbuild/2003">
  <ItemGroup>
    <Filter Include="Tower Defense src">
      <UniqueIdentifier>{4FC737F1-C7A5-4376-A066-2A32D752A2FF}</UniqueIdentifier>
      <Extensions>cpp;c;cc;cxx;def;odl;idl;hpj;bat;asm;asmx</Extensions>
    </Filter>
    <Filter Include="Tower Defense ressources">
      <UniqueIdentifier>{67DA6AB6-F800-4c08-8B7A-83BB121AAD01}</UniqueIdentifier>
      <Extensions>rc;ico;cur;bmp;dlg;rc2;rct;bin;rgs;gif;jpg;jpeg;jpe;resx;tiff;tif;png;wav;mfcribbon-ms</Extensions>
    </Filter>
    <Filter Include="Tower Defense header">
      <UniqueIdentifier>{93995380-89BD-4b04-88EB-625FBE52EBFB}</UniqueIdentifier>
      <Extensions>h;hpp;hxx;hm;inl;inc;xsd</Extensions>
    </Filter>
  </ItemGroup>
  <ItemGroup>
    <None Include="..\..\ressources\BoutonNew.bmp">
      <Filter>Tower Defense ressources</Filter>
    </None>
    <None Include="..\..\ressources\BoutonPause.bmp">
      <Filter>Tower Defense ressources</Filter>
    </None>
    <None Include="..\..\ressources\BoutonQuit.bmp">
      <Filter>Tower Defense ressources</Filter>
    </None>
    <None Include="..\..\ressources\BoutonReprendre.bmp">
      <Filter>Tower Defense ressources</Filter>
    </None>
    <None Include="..\..\ressources\Ennemi.bmp">
      <Filter>Tower Defense ressources</Filter>
    </None>
    <None Include="..\..\ressources\JeuPause.bmp">
      <Filter>Tower Defense ressources</Filter>
    </None>
    <None Include="..\..\ressources\Menu.bmp">
      <Filter>Tower Defense ressources</Filter>
    </None>
    <None Include="..\..\ressources\Mur_25.bmp">
      <Filter>Tower Defense ressources</Filter>
    </None>
    <None Include="..\..\ressources\Mur_50.bmp">
      <Filter>Tower Defense ressources</Filter>
    </None>
    <None Include="..\..\ressources\PCC_25.bmp">
      <Filter>Tower Defense ressources</Filter>
    </None>
    <None Include="..\..\ressources\PCC_50.bmp">
      <Filter>Tower Defense ressources</Filter>
    </None>
    <None Include="..\..\ressources\Tour1_50.bmp">
      <Filter>Tower Defense ressources</Filter>
    </None>
    <None Include="..\..\ressources\Tour2_50.bmp">
      <Filter>Tower Defense ressources</Filter>
    </None>
    <None Include="..\..\ressources\Tour3_50.bmp">
      <Filter>Tower Defense ressources</Filter>
    </None>
    <None Include="..\..\ressources\Tour4_50.bmp">
      <Filter>Tower Defense ressources</Filter>
    </None>
    <None Include="..\..\ressources\Tour5_50.bmp">
      <Filter>Tower Defense ressources</Filter>
    </None>
    <None Include="..\..\ressources\Tour6_50.bmp">
      <Filter>Tower Defense ressources</Filter>
    </None>
    <None Include="..\..\ressources\Vide_25.bmp">
      <Filter>Tower Defense ressources</Filter>
    </None>
    <None Include="..\..\ressources\Vide_50.bmp">
      <Filter>Tower Defense ressources</Filter>
    </None>
  </ItemGroup>
  <ItemGroup>
    <ClCompile Include="..\..\src\Case.cpp">
      <Filter>Tower Defense src</Filter>
    </ClCompile>
    <ClCompile Include="..\..\src\Ennemi.cpp">
      <Filter>Tower Defense src</Filter>
    </ClCompile>
    <ClCompile Include="..\..\src\IA.cpp">
      <Filter>Tower Defense src</Filter>
    </ClCompile>
    <ClCompile Include="..\..\src\Jeu.cpp">
      <Filter>Tower Defense src</Filter>
    </ClCompile>
    <ClCompile Include="..\..\src\Main.cpp">
      <Filter>Tower Defense src</Filter>
    </ClCompile>
    <ClCompile Include="..\..\src\Menu.cpp">
      <Filter>Tower Defense src</Filter>
    </ClCompile>
    <ClCompile Include="..\..\src\Moteur.cpp">
      <Filter>Tower Defense src</Filter>
    </ClCompile>
    <ClCompile Include="..\..\src\Plateau.cpp">
      <Filter>Tower Defense src</Filter>
    </ClCompile>
    <ClCompile Include="..\..\src\Timer.cpp">
      <Filter>Tower Defense src</Filter>
    </ClCompile>
    <ClCompile Include="..\..\src\Projectile.cpp">
      <Filter>Tower Defense src</Filter>
    </ClCompile>
    <ClCompile Include="..\..\src\Tour.cpp">
      <Filter>Tower Defense src</Filter>
    </ClCompile>
    <ClCompile Include="..\..\src\Image.cpp">
      <Filter>Tower Defense src</Filter>
    </ClCompile>
    <ClCompile Include="..\..\src\Surface.cpp">
      <Filter>Tower Defense src</Filter>
    </ClCompile>
    <ClCompile Include="..\..\src\Fenetre.cpp">
      <Filter>Tower Defense src</Filter>
    </ClCompile>
    <ClCompile Include="..\..\src\VagueEnnemis.cpp">
      <Filter>Tower Defense src</Filter>
    </ClCompile>
    <ClCompile Include="..\..\src\Rect.cpp">
      <Filter>Tower Defense src</Filter>
    </ClCompile>
    <ClCompile Include="..\..\src\ContexteJeu.cpp">
      <Filter>Tower Defense src</Filter>
    </ClCompile>
    <ClCompile Include="..\..\src\Terrain.cpp">
      <Filter>Tower Defense src</Filter>
    </ClCompile>
    <ClCompile Include="..\..\src\Mur.cpp">
      <Filter>Tower Defense src</Filter>
    </ClCompile>
    <ClCompile Include="..\..\src\ConfigJeu.cpp">
      <Filter>Tower Defense src</Filter>
    </ClCompile>
  </ItemGroup>
  <ItemGroup>
    <ClInclude Include="..\..\src\Case.h">
      <Filter>Tower Defense header</Filter>
    </ClInclude>
    <ClInclude Include="..\..\src\Defined.h">
      <Filter>Tower Defense header</Filter>
    </ClInclude>
    <ClInclude Include="..\..\src\Ennemi.h">
      <Filter>Tower Defense header</Filter>
    </ClInclude>
    <ClInclude Include="..\..\src\Fenetre.h">
      <Filter>Tower Defense header</Filter>
    </ClInclude>
    <ClInclude Include="..\..\src\IA.h">
      <Filter>Tower Defense header</Filter>
    </ClInclude>
    <ClInclude Include="..\..\src\Image.h">
      <Filter>Tower Defense header</Filter>
    </ClInclude>
    <ClInclude Include="..\..\src\Jeu.h">
      <Filter>Tower Defense header</Filter>
    </ClInclude>
    <ClInclude Include="..\..\src\Menu.h">
      <Filter>Tower Defense header</Filter>
    </ClInclude>
    <ClInclude Include="..\..\src\Moteur.h">
      <Filter>Tower Defense header</Filter>
    </ClInclude>
    <ClInclude Include="..\..\src\Plateau.h">
      <Filter>Tower Defense header</Filter>
    </ClInclude>
    <ClInclude Include="..\..\src\Projectile.h">
      <Filter>Tower Defense header</Filter>
    </ClInclude>
    <ClInclude Include="..\..\src\Surface.h">
      <Filter>Tower Defense header</Filter>
    </ClInclude>
    <ClInclude Include="..\..\src\Timer.h">
      <Filter>Tower Defense header</Filter>
    </ClInclude>
    <ClInclude Include="..\..\src\Tour.h">
      <Filter>Tower Defense header</Filter>
    </ClInclude>
    <ClInclude Include="..\..\src\VagueEnnemis.h">
      <Filter>Tower Defense header</Filter>
    </ClInclude>
    <ClInclude Include="..\..\src\Rect.h">
      <Filter>Tower Defense header</Filter>
    </ClInclude>
    <ClInclude Include="..\..\src\ContexteJeu.h">
      <Filter>Tower Defense header</Filter>
    </ClInclude>
    <ClInclude Include="..\..\src\Terrain.h">
      <Filter>Tower Defense header</Filter>
    </ClInclude>
    <ClInclude Include="..\..\src\Mur.h">
      <Filter>Tower Defense header</Filter>
    </ClInclude>
    <ClInclude Include="..\..\src\ConfigJeu.h">
      <Filter>Tower Defense header</Filter>
    </ClInclude>
  </ItemGroup>
</Project>